
Microsoft Visual Studio Solution File, Format Version 12.00
# Visual Studio Version 16
VisualStudioVersion = 16.0.31019.35
MinimumVisualStudioVersion = 10.0.40219.1
Project("{FAE04EC0-301F-11D3-BF4B-00C04F79EFBC}") = "alamutiAPI", "alamutiAPI\alamutiAPI.csproj", "{1BB64B1E-CEAC-4687-918B-79E6BA0A454A}"
EndProject
Project("{FAE04EC0-301F-11D3-BF4B-00C04F79EFBC}") = "Infrastructure", "Infrastructure\Infrastructure.csproj", "{5334B5BA-E7BD-42B3-A44B-C03DB682A4BB}"
EndProject
Global
	GlobalSection(SolutionConfigurationPlatforms) = preSolution
		Debug|Any CPU = Debug|Any CPU
		Release|Any CPU = Release|Any CPU
	EndGlobalSection
	GlobalSection(ProjectConfigurationPlatforms) = postSolution
		{1BB64B1E-CEAC-4687-918B-79E6BA0A454A}.Debug|Any CPU.ActiveCfg = Debug|Any CPU
		{1BB64B1E-CEAC-4687-918B-79E6BA0A454A}.Debug|Any CPU.Build.0 = Debug|Any CPU
		{1BB64B1E-CEAC-4687-918B-79E6BA0A454A}.Release|Any CPU.ActiveCfg = Release|Any CPU
		{1BB64B1E-CEAC-4687-918B-79E6BA0A454A}.Release|Any CPU.Build.0 = Release|Any CPU
		{5334B5BA-E7BD-42B3-A44B-C03DB682A4BB}.Debug|Any CPU.ActiveCfg = Debug|Any CPU
		{5334B5BA-E7BD-42B3-A44B-C03DB682A4BB}.Debug|Any CPU.Build.0 = Debug|Any CPU
		{5334B5BA-E7BD-42B3-A44B-C03DB682A4BB}.Release|Any CPU.ActiveCfg = Release|Any CPU
		{5334B5BA-E7BD-42B3-A44B-C03DB682A4BB}.Release|Any CPU.Build.0 = Release|Any CPU
	EndGlobalSection
	GlobalSection(SolutionProperties) = preSolution
		HideSolutionNode = FALSE
	EndGlobalSection
	GlobalSection(ExtensibilityGlobals) = postSolution
		SolutionGuid = {EEFC9ECB-A85C-46B3-A1CC-86E16A8C735B}
	EndGlobalSection
EndGlobal
